
Microsoft Visual Studio Solution File, Format Version 12.00
# Visual Studio Version 17
VisualStudioVersion = 17.14.36429.23 d17.14
MinimumVisualStudioVersion = 10.0.40219.1
Project("{FAE04EC0-301F-11D3-BF4B-00C04F79EFBC}") = "BookInventoryProject", "BookInventoryProject\BookInventoryProject.csproj", "{5B99EE0D-3A7C-4306-BA27-69FB5D122F59}"
EndProject
Global
	GlobalSection(SolutionConfigurationPlatforms) = preSolution
		Debug|Any CPU = Debug|Any CPU
		Release|Any CPU = Release|Any CPU
	EndGlobalSection
	GlobalSection(ProjectConfigurationPlatforms) = postSolution
		{5B99EE0D-3A7C-4306-BA27-69FB5D122F59}.Debug|Any CPU.ActiveCfg = Debug|Any CPU
		{5B99EE0D-3A7C-4306-BA27-69FB5D122F59}.Debug|Any CPU.Build.0 = Debug|Any CPU
		{5B99EE0D-3A7C-4306-BA27-69FB5D122F59}.Release|Any CPU.ActiveCfg = Release|Any CPU
		{5B99EE0D-3A7C-4306-BA27-69FB5D122F59}.Release|Any CPU.Build.0 = Release|Any CPU
	EndGlobalSection
	GlobalSection(SolutionProperties) = preSolution
		HideSolutionNode = FALSE
	EndGlobalSection
	GlobalSection(ExtensibilityGlobals) = postSolution
		SolutionGuid = {D84D0449-5729-4CDC-96BD-77885F7BEDBB}
	EndGlobalSection
EndGlobal
